// !$*UTF8*$!
{
	archiveVersion = 1;
	classes = {
	};
	objectVersion = 50;
	objects = {

/* Begin PBXBuildFile section */
		1FE7455E299E1CEE001AA583 /* AppDelegate.swift in Sources */ = {isa = PBXBuildFile; fileRef = 1FE7455D299E1CEE001AA583 /* AppDelegate.swift */; };
		1FE74560299E1CEE001AA583 /* SceneDelegate.swift in Sources */ = {isa = PBXBuildFile; fileRef = 1FE7455F299E1CEE001AA583 /* SceneDelegate.swift */; };
		1FE74562299E1CEE001AA583 /* ViewController.swift in Sources */ = {isa = PBXBuildFile; fileRef = 1FE74561299E1CEE001AA583 /* ViewController.swift */; };
		1FE74565299E1CEE001AA583 /* Main.storyboard in Resources */ = {isa = PBXBuildFile; fileRef = 1FE74563299E1CEE001AA583 /* Main.storyboard */; };
		1FE74567299E1CF5001AA583 /* Assets.xcassets in Resources */ = {isa = PBXBuildFile; fileRef = 1FE74566299E1CF5001AA583 /* Assets.xcassets */; };
		1FE7456A299E1CF5001AA583 /* LaunchScreen.storyboard in Resources */ = {isa = PBXBuildFile; fileRef = 1FE74568299E1CF5001AA583 /* LaunchScreen.storyboard */; };
/* End PBXBuildFile section */

/* Begin PBXFileReference section */
		1FE7455A299E1CEE001AA583 /* pr2.app */ = {isa = PBXFileReference; explicitFileType = wrapper.application; includeInIndex = 0; path = pr2.app; sourceTree = BUILT_PRODUCTS_DIR; };
		1FE7455D299E1CEE001AA583 /* AppDelegate.swift */ = {isa = PBXFileReference; lastKnownFileType = sourcecode.swift; path = AppDelegate.swift; sourceTree = "<group>"; };
		1FE7455F299E1CEE001AA583 /* SceneDelegate.swift */ = {isa = PBXFileReference; lastKnownFileType = sourcecode.swift; path = SceneDelegate.swift; sourceTree = "<group>"; };
		1FE74561299E1CEE001AA583 /* ViewController.swift */ = {isa = PBXFileReference; lastKnownFileType = sourcecode.swift; path = ViewController.swift; sourceTree = "<group>"; };
		1FE74564299E1CEE001AA583 /* Base */ = {isa = PBXFileReference; lastKnownFileType = file.storyboard; name = Base; path = Base.lproj/Main.storyboard; sourceTree = "<group>"; };
		1FE74566299E1CF5001AA583 /* Assets.xcassets */ = {isa = PBXFileReference; lastKnownFileType = folder.assetcatalog; path = Assets.xcassets; sourceTree = "<group>"; };
		1FE74569299E1CF5001AA583 /* Base */ = {isa = PBXFileReference; lastKnownFileType = file.storyboard; name = Base; path = Base.lproj/LaunchScreen.storyboard; sourceTree = "<group>"; };
		1FE7456B299E1CF5001AA583 /* Info.plist */ = {isa = PBXFileReference; lastKnownFileType = text.plist.xml; path = Info.plist; sourceTree = "<group>"; };
/* End PBXFileReference section */

/* Begin PBXFrameworksBuildPhase section */
		1FE74557299E1CEE001AA583 /* Frameworks */ = {
			isa = PBXFrameworksBuildPhase;
			buildActionMask = 2147483647;
			files = (
			);
			runOnlyForDeploymentPostprocessing = 0;
		};
/* End PBXFrameworksBuildPhase section */

/* Begin PBXGroup section */
		1FE74551299E1CEE001AA583 = {
			isa = PBXGroup;
			children = (
				1FE7455C299E1CEE001AA583 /* pr2 */,
				1FE7455B299E1CEE001AA583 /* Products */,
			);
			sourceTree = "<group>";
		};
		1FE7455B299E1CEE001AA583 /* Products */ = {
			isa = PBXGroup;
			children = (
				1FE7455A299E1CEE001AA583 /* pr2.app */,
			);
			name = Products;
			sourceTree = "<group>";
		};
		1FE7455C299E1CEE001AA583 /* pr2 */ = {
			isa = PBXGroup;
			children = (
				1FE7455D299E1CEE001AA583 /* AppDelegate.swift */,
				1FE7455F299E1CEE001AA583 /* SceneDelegate.swift */,
				1FE74561299E1CEE001AA583 /* ViewController.swift */,
				1FE74563299E1CEE001AA583 /* Main.storyboard */,
				1FE74566299E1CF5001AA583 /* Assets.xcassets */,
				1FE74568299E1CF5001AA583 /* LaunchScreen.storyboard */,
				1FE7456B299E1CF5001AA583 /* Info.plist */,
			);
			path = pr2;
			sourceTree = "<group>";
		};
/* End PBXGroup section */

/* Begin PBXNativeTarget section */
		1FE74559299E1CEE001AA583 /* pr2 */ = {
			isa = PBXNativeTarget;
			buildConfigurationList = 1FE7456E299E1CF5001AA583 /* Build configuration list for PBXNativeTarget "pr2" */;
			buildPhases = (
				1FE74556299E1CEE001AA583 /* Sources */,
				1FE74557299E1CEE001AA583 /* Frameworks */,
				1FE74558299E1CEE001AA583 /* Resources */,
			);
			buildRules = (
			);
			dependencies = (
			);
			name = pr2;
			productName = pr2;
			productReference = 1FE7455A299E1CEE001AA583 /* pr2.app */;
			productType = "com.apple.product-type.application";
		};
/* End PBXNativeTarget section */

/* Begin PBXProject section */
		1FE74552299E1CEE001AA583 /* Project object */ = {
			isa = PBXProject;
			attributes = {
				LastSwiftUpdateCheck = 1250;
				LastUpgradeCheck = 1250;
				TargetAttributes = {
					1FE74559299E1CEE001AA583 = {
						CreatedOnToolsVersion = 12.5;
					};
				};
			};
			buildConfigurationList = 1FE74555299E1CEE001AA583 /* Build configuration list for PBXProject "pr2" */;
			compatibilityVersion = "Xcode 9.3";
			developmentRegion = en;
			hasScannedForEncodings = 0;
			knownRegions = (
				en,
				Base,
			);
			mainGroup = 1FE74551299E1CEE001AA583;
			productRefGroup = 1FE7455B299E1CEE001AA583 /* Products */;
			projectDirPath = "";
			projectRoot = "";
			targets = (
				1FE74559299E1CEE001AA583 /* pr2 */,
			);
		};
/* End PBXProject section */

/* Begin PBXResourcesBuildPhase section */
		1FE74558299E1CEE001AA583 /* Resources */ = {
			isa = PBXResourcesBuildPhase;
			buildActionMask = 2147483647;
			files = (
				1FE7456A299E1CF5001AA583 /* LaunchScreen.storyboard in Resources */,
				1FE74567299E1CF5001AA583 /* Assets.xcassets in Resources */,
				1FE74565299E1CEE001AA583 /* Main.storyboard in Resources */,
			);
			runOnlyForDeploymentPostprocessing = 0;
		};
/* End PBXResourcesBuildPhase section */

/* Begin PBXSourcesBuildPhase section */
		1FE74556299E1CEE001AA583 /* Sources */ = {
			isa = PBXSourcesBuildPhase;
			buildActionMask = 2147483647;
			files = (
				1FE74562299E1CEE001AA583 /* ViewController.swift in Sources */,
				1FE7455E299E1CEE001AA583 /* AppDelegate.swift in Sources */,
				1FE74560299E1CEE001AA583 /* SceneDelegate.swift in Sources */,
			);
			runOnlyForDeploymentPostprocessing = 0;
		};
/* End PBXSourcesBuildPhase section */

/* Begin PBXVariantGroup section */
		1FE74563299E1CEE001AA583 /* Main.storyboard */ = {
			isa = PBXVariantGroup;
			children = (
				1FE74564299E1CEE001AA583 /* Base */,
			);
			name = Main.storyboard;
			sourceTree = "<group>";
		};
		1FE74568299E1CF5001AA583 /* LaunchScreen.storyboard */ = {
			isa = PBXVariantGroup;
			children = (
				1FE74569299E1CF5001AA583 /* Base */,
			);
			name = LaunchScreen.storyboard;
			sourceTree = "<group>";
		};
/* End PBXVariantGroup section */

/* Begin XCBuildConfiguration section */
		1FE7456C299E1CF5001AA583 /* Debug */ = {
			isa = XCBuildConfiguration;
			buildSettings = {
				ALWAYS_SEARCH_USER_PATHS = NO;
				CLANG_ANALYZER_NONNULL = YES;
				CLANG_ANALYZER_NUMBER_OBJECT_CONVERSION = YES_AGGRESSIVE;
				CLANG_CXX_LANGUAGE_STANDARD = "gnu++14";
				CLANG_CXX_LIBRARY = "libc++";
				CLANG_ENABLE_MODULES = YES;
				CLANG_ENABLE_OBJC_ARC = YES;
				CLANG_ENABLE_OBJC_WEAK = YES;
				CLANG_WARN_BLOCK_CAPTURE_AUTORELEASING = YES;
				CLANG_WARN_BOOL_CONVERSION = YES;
				CLANG_WARN_COMMA = YES;
				CLANG_WARN_CONSTANT_CONVERSION = YES;
				CLANG_WARN_DEPRECATED_OBJC_IMPLEMENTATIONS = YES;
				CLANG_WARN_DIRECT_OBJC_ISA_USAGE = YES_ERROR;
				CLANG_WARN_DOCUMENTATION_COMMENTS = YES;
				CLANG_WARN_EMPTY_BODY = YES;
				CLANG_WARN_ENUM_CONVERSION = YES;
				CLANG_WARN_INFINITE_RECURSION = YES;
				CLANG_WARN_INT_CONVERSION = YES;
				CLANG_WARN_NON_LITERAL_NULL_CONVERSION = YES;
				CLANG_WARN_OBJC_IMPLICIT_RETAIN_SELF = YES;
				CLANG_WARN_OBJC_LITERAL_CONVERSION = YES;
				CLANG_WARN_OBJC_ROOT_CLASS = YES_ERROR;
				CLANG_WARN_QUOTED_INCLUDE_IN_FRAMEWORK_HEADER = YES;
				CLANG_WARN_RANGE_LOOP_ANALYSIS = YES;
				CLANG_WARN_STRICT_PROTOTYPES = YES;
				CLANG_WARN_SUSPICIOUS_MOVE = YES;
				CLANG_WARN_UNGUARDED_AVAILABILITY = YES_AGGRESSIVE;
				CLANG_WARN_UNREACHABLE_CODE = YES;
				CLANG_WARN__DUPLICATE_METHOD_MATCH = YES;
				COPY_PHASE_STRIP = NO;
				DEBUG_INFORMATION_FORMAT = dwarf;
				ENABLE_STRICT_OBJC_MSGSEND = YES;
				ENABLE_TESTABILITY = YES;
				GCC_C_LANGUAGE_STANDARD = gnu11;
				GCC_DYNAMIC_NO_PIC = NO;
				GCC_NO_COMMON_BLOCKS = YES;
				GCC_OPTIMIZATION_LEVEL = 0;
				GCC_PREPROCESSOR_DEFINITIONS = (
					"DEBUG=1",
					"$(inherited)",
				);
				GCC_WARN_64_TO_32_BIT_CONVERSION = YES;
				GCC_WARN_ABOUT_RETURN_TYPE = YES_ERROR;
				GCC_WARN_UNDECLARED_SELECTOR = YES;
				GCC_WARN_UNINITIALIZED_AUTOS = YES_AGGRESSIVE;
				GCC_WARN_UNUSED_FUNCTION = YES;
				GCC_WARN_UNUSED_VARIABLE = YES;
				IPHONEOS_DEPLOYMENT_TARGET = 14.5;
				MTL_ENABLE_DEBUG_INFO = INCLUDE_SOURCE;
				MTL_FAST_MATH = YES;
				ONLY_ACTIVE_ARCH = YES;
				SDKROOT = iphoneos;
				SWIFT_ACTIVE_COMPILATION_CONDITIONS = DEBUG;
				SWIFT_OPTIMIZATION_LEVEL = "-Onone";
			};
			name = Debug;
		};
		1FE7456D299E1CF5001AA583 /* Release */ = {
			isa = XCBuildConfiguration;
			buildSettings = {
				ALWAYS_SEARCH_USER_PATHS = NO;
				CLANG_ANALYZER_NONNULL = YES;
				CLANG_ANALYZER_NUMBER_OBJECT_CONVERSION = YES_AGGRESSIVE;
				CLANG_CXX_LANGUAGE_STANDARD = "gnu++14";
				CLANG_CXX_LIBRARY = "libc++";
				CLANG_ENABLE_MODULES = YES;
				CLANG_ENABLE_OBJC_ARC = YES;
				CLANG_ENABLE_OBJC_WEAK = YES;
				CLANG_WARN_BLOCK_CAPTURE_AUTORELEASING = YES;
				CLANG_WARN_BOOL_CONVERSION = YES;
				CLANG_WARN_COMMA = YES;
				CLANG_WARN_CONSTANT_CONVERSION = YES;
				CLANG_WARN_DEPRECATED_OBJC_IMPLEMENTATIONS = YES;
				CLANG_WARN_DIRECT_OBJC_ISA_USAGE = YES_ERROR;
				CLANG_WARN_DOCUMENTATION_COMMENTS = YES;
				CLANG_WARN_EMPTY_BODY = YES;
				CLANG_WARN_ENUM_CONVERSION = YES;
				CLANG_WARN_INFINITE_RECURSION = YES;
				CLANG_WARN_INT_CONVERSION = YES;
				CLANG_WARN_NON_LITERAL_NULL_CONVERSION = YES;
				CLANG_WARN_OBJC_IMPLICIT_RETAIN_SELF = YES;
				CLANG_WARN_OBJC_LITERAL_CONVERSION = YES;
				CLANG_WARN_OBJC_ROOT_CLASS = YES_ERROR;
				CLANG_WARN_QUOTED_INCLUDE_IN_FRAMEWORK_HEADER = YES;
				CLANG_WARN_RANGE_LOOP_ANALYSIS = YES;
				CLANG_WARN_STRICT_PROTOTYPES = YES;
				CLANG_WARN_SUSPICIOUS_MOVE = YES;
				CLANG_WARN_UNGUARDED_AVAILABILITY = YES_AGGRESSIVE;
				CLANG_WARN_UNREACHABLE_CODE = YES;
				CLANG_WARN__DUPLICATE_METHOD_MATCH = YES;
				COPY_PHASE_STRIP = NO;
				DEBUG_INFORMATION_FORMAT = "dwarf-with-dsym";
				ENABLE_NS_ASSERTIONS = NO;
				ENABLE_STRICT_OBJC_MSGSEND = YES;
				GCC_C_LANGUAGE_STANDARD = gnu11;
				GCC_NO_COMMON_BLOCKS = YES;
				GCC_WARN_64_TO_32_BIT_CONVERSION = YES;
				GCC_WARN_ABOUT_RETURN_TYPE = YES_ERROR;
				GCC_WARN_UNDECLARED_SELECTOR = YES;
				GCC_WARN_UNINITIALIZED_AUTOS = YES_AGGRESSIVE;
				GCC_WARN_UNUSED_FUNCTION = YES;
				GCC_WARN_UNUSED_VARIABLE = YES;
				IPHONEOS_DEPLOYMENT_TARGET = 14.5;
				MTL_ENABLE_DEBUG_INFO = NO;
				MTL_FAST_MATH = YES;
				SDKROOT = iphoneos;
				SWIFT_COMPILATION_MODE = wholemodule;
				SWIFT_OPTIMIZATION_LEVEL = "-O";
				VALIDATE_PRODUCT = YES;
			};
			name = Release;
		};
		1FE7456F299E1CF5001AA583 /* Debug */ = {
			isa = XCBuildConfiguration;
			buildSettings = {
				ASSETCATALOG_COMPILER_APPICON_NAME = AppIcon;
				ASSETCATALOG_COMPILER_GLOBAL_ACCENT_COLOR_NAME = AccentColor;
				CODE_SIGN_STYLE = Automatic;
				DEVELOPMENT_TEAM = D6F9YM7FN3;
				INFOPLIST_FILE = pr2/Info.plist;
				LD_RUNPATH_SEARCH_PATHS = (
					"$(inherited)",
					"@executable_path/Frameworks",
				);
				PRODUCT_BUNDLE_IDENTIFIER = AF.pr2;
				PRODUCT_NAME = "$(TARGET_NAME)";
				SWIFT_VERSION = 5.0;
				TARGETED_DEVICE_FAMILY = "1,2";
			};
			name = Debug;
		};
		1FE74570299E1CF5001AA583 /* Release */ = {
			isa = XCBuildConfiguration;
			buildSettings = {
				ASSETCATALOG_COMPILER_APPICON_NAME = AppIcon;
				ASSETCATALOG_COMPILER_GLOBAL_ACCENT_COLOR_NAME = AccentColor;
				CODE_SIGN_STYLE = Automatic;
				DEVELOPMENT_TEAM = D6F9YM7FN3;
				INFOPLIST_FILE = pr2/Info.plist;
				LD_RUNPATH_SEARCH_PATHS = (
					"$(inherited)",
					"@executable_path/Frameworks",
				);
				PRODUCT_BUNDLE_IDENTIFIER = AF.pr2;
				PRODUCT_NAME = "$(TARGET_NAME)";
				SWIFT_VERSION = 5.0;
				TARGETED_DEVICE_FAMILY = "1,2";
			};
			name = Release;
		};
/* End XCBuildConfiguration section */

/* Begin XCConfigurationList section */
		1FE74555299E1CEE001AA583 /* Build configuration list for PBXProject "pr2" */ = {
			isa = XCConfigurationList;
			buildConfigurations = (
				1FE7456C299E1CF5001AA583 /* Debug */,
				1FE7456D299E1CF5001AA583 /* Release */,
			);
			defaultConfigurationIsVisible = 0;
			defaultConfigurationName = Release;
		};
		1FE7456E299E1CF5001AA583 /* Build configuration list for PBXNativeTarget "pr2" */ = {
			isa = XCConfigurationList;
			buildConfigurations = (
				1FE7456F299E1CF5001AA583 /* Debug */,
				1FE74570299E1CF5001AA583 /* Release */,
			);
			defaultConfigurationIsVisible = 0;
			defaultConfigurationName = Release;
		};
/* End XCConfigurationList section */
	};
	rootObject = 1FE74552299E1CEE001AA583 /* Project object */;
}
